
Microsoft Visual Studio Solution File, Format Version 12.00
# Visual Studio 15
VisualStudioVersion = 15.0.26403.7
MinimumVisualStudioVersion = 10.0.40219.1
Project("{FAE04EC0-301F-11D3-BF4B-00C04F79EFBC}") = "Preparations", "Preparations\Preparations.csproj", "{2425C22B-E294-445A-9879-63B731B65407}"
EndProject
Project("{FAE04EC0-301F-11D3-BF4B-00C04F79EFBC}") = "02. Ladybugs", "02. Ladybugs\02. Ladybugs.csproj", "{FF00C881-1957-421B-9800-00E8449F5017}"
EndProject
Project("{FAE04EC0-301F-11D3-BF4B-00C04F79EFBC}") = "03.Nether Realms", "03.Nether Realms\03.Nether Realms.csproj", "{A17CA9A1-7557-4EB7-B6D8-468E64C55728}"
EndProject
Global
	GlobalSection(SolutionConfigurationPlatforms) = preSolution
		Debug|Any CPU = Debug|Any CPU
		Release|Any CPU = Release|Any CPU
	EndGlobalSection
	GlobalSection(ProjectConfigurationPlatforms) = postSolution
		{2425C22B-E294-445A-9879-63B731B65407}.Debug|Any CPU.ActiveCfg = Debug|Any CPU
		{2425C22B-E294-445A-9879-63B731B65407}.Debug|Any CPU.Build.0 = Debug|Any CPU
		{2425C22B-E294-445A-9879-63B731B65407}.Release|Any CPU.ActiveCfg = Release|Any CPU
		{2425C22B-E294-445A-9879-63B731B65407}.Release|Any CPU.Build.0 = Release|Any CPU
		{FF00C881-1957-421B-9800-00E8449F5017}.Debug|Any CPU.ActiveCfg = Debug|Any CPU
		{FF00C881-1957-421B-9800-00E8449F5017}.Debug|Any CPU.Build.0 = Debug|Any CPU
		{FF00C881-1957-421B-9800-00E8449F5017}.Release|Any CPU.ActiveCfg = Release|Any CPU
		{FF00C881-1957-421B-9800-00E8449F5017}.Release|Any CPU.Build.0 = Release|Any CPU
		{A17CA9A1-7557-4EB7-B6D8-468E64C55728}.Debug|Any CPU.ActiveCfg = Debug|Any CPU
		{A17CA9A1-7557-4EB7-B6D8-468E64C55728}.Debug|Any CPU.Build.0 = Debug|Any CPU
		{A17CA9A1-7557-4EB7-B6D8-468E64C55728}.Release|Any CPU.ActiveCfg = Release|Any CPU
		{A17CA9A1-7557-4EB7-B6D8-468E64C55728}.Release|Any CPU.Build.0 = Release|Any CPU
	EndGlobalSection
	GlobalSection(SolutionProperties) = preSolution
		HideSolutionNode = FALSE
	EndGlobalSection
EndGlobal
