
Microsoft Visual Studio Solution File, Format Version 12.00
# Visual Studio 15
VisualStudioVersion = 15.0.26403.7
MinimumVisualStudioVersion = 10.0.40219.1
Project("{FAE04EC0-301F-11D3-BF4B-00C04F79EFBC}") = "03. Text Filter", "Strings and Text Processing - Lab\03. Text Filter.csproj", "{70DB015E-C237-44ED-992E-D501C42ECE1C}"
EndProject
Project("{FAE04EC0-301F-11D3-BF4B-00C04F79EFBC}") = "01. Reverse String", "01. Reverse String\01. Reverse String.csproj", "{482C1E60-81DF-4D28-A17C-AC1F81CDFFD1}"
EndProject
Project("{FAE04EC0-301F-11D3-BF4B-00C04F79EFBC}") = "02. Count Substring Occurrences", "02. Count Substring Occurrences\02. Count Substring Occurrences.csproj", "{D3044A25-E9A4-4C99-98CB-BA5DDBEA2299}"
EndProject
Project("{FAE04EC0-301F-11D3-BF4B-00C04F79EFBC}") = "04. Palindromes", "04. Palindromes\04. Palindromes.csproj", "{73262380-7131-4D87-B73B-1DADA0972FC7}"
EndProject
Project("{FAE04EC0-301F-11D3-BF4B-00C04F79EFBC}") = "03. Unicode Characters", "03. Unicode Characters\03. Unicode Characters.csproj", "{5A88C3B2-B956-46BC-933E-F6E99F6874F7}"
EndProject
Project("{FAE04EC0-301F-11D3-BF4B-00C04F79EFBC}") = "04. Character Multiplier", "04. Character Multiplier\04. Character Multiplier.csproj", "{AA45149A-C1AB-44FF-BE9C-268B25B4D4BF}"
EndProject
Project("{FAE04EC0-301F-11D3-BF4B-00C04F79EFBC}") = "05. Magic exchangeable words", "05. Magic exchangeable words\05. Magic exchangeable words.csproj", "{99E2B759-0576-4AB1-8C96-65B87D1AD035}"
EndProject
Project("{FAE04EC0-301F-11D3-BF4B-00C04F79EFBC}") = "06. Sum big numbers", "06. Sum big numbers\06. Sum big numbers.csproj", "{085DC2FE-B69A-4716-9B5F-3916F664BED0}"
EndProject
Project("{FAE04EC0-301F-11D3-BF4B-00C04F79EFBC}") = "07. Multiply big number", "ConsoleApp1\07. Multiply big number.csproj", "{C76F8F3F-8A98-4604-A73C-EF90E37A5CEE}"
EndProject
Project("{FAE04EC0-301F-11D3-BF4B-00C04F79EFBC}") = "09. Melrah Shake", "09. Melrah Shake\09. Melrah Shake.csproj", "{FD047841-15FE-48CE-A729-79A5441B3103}"
EndProject
Project("{FAE04EC0-301F-11D3-BF4B-00C04F79EFBC}") = "01. Convert from base-10 to base-N", "01. Convert from base-10 to base-N\01. Convert from base-10 to base-N.csproj", "{CD3BC762-18EC-47DB-BA87-6630079C5BB6}"
EndProject
Project("{FAE04EC0-301F-11D3-BF4B-00C04F79EFBC}") = "02. Convert from base-N to base-10", "02. Convert from base-N to base-10\02. Convert from base-N to base-10.csproj", "{FC3AD628-BEF6-4C90-8263-2035014C4458}"
EndProject
Project("{FAE04EC0-301F-11D3-BF4B-00C04F79EFBC}") = "08. Letters Change Numbers", "08. Letters Change Numbers\08. Letters Change Numbers.csproj", "{00552437-78A0-48A3-8F76-F58566378953}"
EndProject
Global
	GlobalSection(SolutionConfigurationPlatforms) = preSolution
		Debug|Any CPU = Debug|Any CPU
		Release|Any CPU = Release|Any CPU
	EndGlobalSection
	GlobalSection(ProjectConfigurationPlatforms) = postSolution
		{70DB015E-C237-44ED-992E-D501C42ECE1C}.Debug|Any CPU.ActiveCfg = Debug|Any CPU
		{70DB015E-C237-44ED-992E-D501C42ECE1C}.Debug|Any CPU.Build.0 = Debug|Any CPU
		{70DB015E-C237-44ED-992E-D501C42ECE1C}.Release|Any CPU.ActiveCfg = Release|Any CPU
		{70DB015E-C237-44ED-992E-D501C42ECE1C}.Release|Any CPU.Build.0 = Release|Any CPU
		{482C1E60-81DF-4D28-A17C-AC1F81CDFFD1}.Debug|Any CPU.ActiveCfg = Debug|Any CPU
		{482C1E60-81DF-4D28-A17C-AC1F81CDFFD1}.Debug|Any CPU.Build.0 = Debug|Any CPU
		{482C1E60-81DF-4D28-A17C-AC1F81CDFFD1}.Release|Any CPU.ActiveCfg = Release|Any CPU
		{482C1E60-81DF-4D28-A17C-AC1F81CDFFD1}.Release|Any CPU.Build.0 = Release|Any CPU
		{D3044A25-E9A4-4C99-98CB-BA5DDBEA2299}.Debug|Any CPU.ActiveCfg = Debug|Any CPU
		{D3044A25-E9A4-4C99-98CB-BA5DDBEA2299}.Debug|Any CPU.Build.0 = Debug|Any CPU
		{D3044A25-E9A4-4C99-98CB-BA5DDBEA2299}.Release|Any CPU.ActiveCfg = Release|Any CPU
		{D3044A25-E9A4-4C99-98CB-BA5DDBEA2299}.Release|Any CPU.Build.0 = Release|Any CPU
		{73262380-7131-4D87-B73B-1DADA0972FC7}.Debug|Any CPU.ActiveCfg = Debug|Any CPU
		{73262380-7131-4D87-B73B-1DADA0972FC7}.Debug|Any CPU.Build.0 = Debug|Any CPU
		{73262380-7131-4D87-B73B-1DADA0972FC7}.Release|Any CPU.ActiveCfg = Release|Any CPU
		{73262380-7131-4D87-B73B-1DADA0972FC7}.Release|Any CPU.Build.0 = Release|Any CPU
		{5A88C3B2-B956-46BC-933E-F6E99F6874F7}.Debug|Any CPU.ActiveCfg = Debug|Any CPU
		{5A88C3B2-B956-46BC-933E-F6E99F6874F7}.Debug|Any CPU.Build.0 = Debug|Any CPU
		{5A88C3B2-B956-46BC-933E-F6E99F6874F7}.Release|Any CPU.ActiveCfg = Release|Any CPU
		{5A88C3B2-B956-46BC-933E-F6E99F6874F7}.Release|Any CPU.Build.0 = Release|Any CPU
		{AA45149A-C1AB-44FF-BE9C-268B25B4D4BF}.Debug|Any CPU.ActiveCfg = Debug|Any CPU
		{AA45149A-C1AB-44FF-BE9C-268B25B4D4BF}.Debug|Any CPU.Build.0 = Debug|Any CPU
		{AA45149A-C1AB-44FF-BE9C-268B25B4D4BF}.Release|Any CPU.ActiveCfg = Release|Any CPU
		{AA45149A-C1AB-44FF-BE9C-268B25B4D4BF}.Release|Any CPU.Build.0 = Release|Any CPU
		{99E2B759-0576-4AB1-8C96-65B87D1AD035}.Debug|Any CPU.ActiveCfg = Debug|Any CPU
		{99E2B759-0576-4AB1-8C96-65B87D1AD035}.Debug|Any CPU.Build.0 = Debug|Any CPU
		{99E2B759-0576-4AB1-8C96-65B87D1AD035}.Release|Any CPU.ActiveCfg = Release|Any CPU
		{99E2B759-0576-4AB1-8C96-65B87D1AD035}.Release|Any CPU.Build.0 = Release|Any CPU
		{085DC2FE-B69A-4716-9B5F-3916F664BED0}.Debug|Any CPU.ActiveCfg = Debug|Any CPU
		{085DC2FE-B69A-4716-9B5F-3916F664BED0}.Debug|Any CPU.Build.0 = Debug|Any CPU
		{085DC2FE-B69A-4716-9B5F-3916F664BED0}.Release|Any CPU.ActiveCfg = Release|Any CPU
		{085DC2FE-B69A-4716-9B5F-3916F664BED0}.Release|Any CPU.Build.0 = Release|Any CPU
		{C76F8F3F-8A98-4604-A73C-EF90E37A5CEE}.Debug|Any CPU.ActiveCfg = Debug|Any CPU
		{C76F8F3F-8A98-4604-A73C-EF90E37A5CEE}.Debug|Any CPU.Build.0 = Debug|Any CPU
		{C76F8F3F-8A98-4604-A73C-EF90E37A5CEE}.Release|Any CPU.ActiveCfg = Release|Any CPU
		{C76F8F3F-8A98-4604-A73C-EF90E37A5CEE}.Release|Any CPU.Build.0 = Release|Any CPU
		{FD047841-15FE-48CE-A729-79A5441B3103}.Debug|Any CPU.ActiveCfg = Debug|Any CPU
		{FD047841-15FE-48CE-A729-79A5441B3103}.Debug|Any CPU.Build.0 = Debug|Any CPU
		{FD047841-15FE-48CE-A729-79A5441B3103}.Release|Any CPU.ActiveCfg = Release|Any CPU
		{FD047841-15FE-48CE-A729-79A5441B3103}.Release|Any CPU.Build.0 = Release|Any CPU
		{CD3BC762-18EC-47DB-BA87-6630079C5BB6}.Debug|Any CPU.ActiveCfg = Debug|Any CPU
		{CD3BC762-18EC-47DB-BA87-6630079C5BB6}.Debug|Any CPU.Build.0 = Debug|Any CPU
		{CD3BC762-18EC-47DB-BA87-6630079C5BB6}.Release|Any CPU.ActiveCfg = Release|Any CPU
		{CD3BC762-18EC-47DB-BA87-6630079C5BB6}.Release|Any CPU.Build.0 = Release|Any CPU
		{FC3AD628-BEF6-4C90-8263-2035014C4458}.Debug|Any CPU.ActiveCfg = Debug|Any CPU
		{FC3AD628-BEF6-4C90-8263-2035014C4458}.Debug|Any CPU.Build.0 = Debug|Any CPU
		{FC3AD628-BEF6-4C90-8263-2035014C4458}.Release|Any CPU.ActiveCfg = Release|Any CPU
		{FC3AD628-BEF6-4C90-8263-2035014C4458}.Release|Any CPU.Build.0 = Release|Any CPU
		{00552437-78A0-48A3-8F76-F58566378953}.Debug|Any CPU.ActiveCfg = Debug|Any CPU
		{00552437-78A0-48A3-8F76-F58566378953}.Debug|Any CPU.Build.0 = Debug|Any CPU
		{00552437-78A0-48A3-8F76-F58566378953}.Release|Any CPU.ActiveCfg = Release|Any CPU
		{00552437-78A0-48A3-8F76-F58566378953}.Release|Any CPU.Build.0 = Release|Any CPU
	EndGlobalSection
	GlobalSection(SolutionProperties) = preSolution
		HideSolutionNode = FALSE
	EndGlobalSection
EndGlobal
