
Microsoft Visual Studio Solution File, Format Version 12.00
# Visual Studio 15
VisualStudioVersion = 15.0.26403.7
MinimumVisualStudioVersion = 10.0.40219.1
Project("{FAE04EC0-301F-11D3-BF4B-00C04F79EFBC}") = "01. Day of Week", "ARRAYS\01. Day of Week.csproj", "{909222BC-A208-4235-8DD3-5A24F7EEDF5E}"
EndProject
Project("{FAE04EC0-301F-11D3-BF4B-00C04F79EFBC}") = "ConsoleApp1", "ConsoleApp1\ConsoleApp1.csproj", "{468E22F4-6495-4A30-886D-35A4D5CE43AE}"
EndProject
Project("{FAE04EC0-301F-11D3-BF4B-00C04F79EFBC}") = "02", "02\02.csproj", "{29FA062F-C617-4DF9-A9D8-70965837936A}"
EndProject
Project("{FAE04EC0-301F-11D3-BF4B-00C04F79EFBC}") = "01. Largest Common End", "01. Largest Common End\01. Largest Common End.csproj", "{DD5097BD-B0D5-480A-8F7F-D43B24808A0A}"
EndProject
Project("{FAE04EC0-301F-11D3-BF4B-00C04F79EFBC}") = "02. Rotate and Sum", "02. Rotate and Sum\02. Rotate and Sum.csproj", "{95C9CB24-1565-495C-8793-056046CA5E32}"
EndProject
Project("{FAE04EC0-301F-11D3-BF4B-00C04F79EFBC}") = "05. Compare Char Arrays", "05. Compare Char Arrays\05. Compare Char Arrays.csproj", "{420D62C1-D1AA-42DD-8C0B-2096A5BEC3F2}"
EndProject
Project("{FAE04EC0-301F-11D3-BF4B-00C04F79EFBC}") = "03. Fold and Sum", "03. Fold and Sum\03. Fold and Sum.csproj", "{73111F4C-FAC8-416D-ACB8-842FB90988C7}"
EndProject
Project("{FAE04EC0-301F-11D3-BF4B-00C04F79EFBC}") = "04. Sieve of Eratosthenes", "04. Sieve of Eratosthenes\04. Sieve of Eratosthenes.csproj", "{69C989AB-7460-4EE7-8FA6-AD3B36819569}"
EndProject
Project("{FAE04EC0-301F-11D3-BF4B-00C04F79EFBC}") = "11. Equal Sums", "11. Equal Sums\11. Equal Sums.csproj", "{4D6ACF30-7EC0-49F1-B2E4-F91798B141CC}"
EndProject
Project("{FAE04EC0-301F-11D3-BF4B-00C04F79EFBC}") = "02. Reverse Array of Integers", "02. Reverse Array of Integers\02. Reverse Array of Integers.csproj", "{E04D9695-95B7-40CF-AACC-54DCFC8BB287}"
EndProject
Project("{FAE04EC0-301F-11D3-BF4B-00C04F79EFBC}") = "03. Last K Numbers Sums", "03. Last K Numbers Sums\03. Last K Numbers Sums.csproj", "{48BE2A63-A867-4332-A344-026E788FC1B4}"
EndProject
Project("{FAE04EC0-301F-11D3-BF4B-00C04F79EFBC}") = "04. Triple Sum", "04. Triple Sum\04. Triple Sum.csproj", "{2CA9AF08-C92F-481C-BE06-8440CEE59F45}"
EndProject
Project("{FAE04EC0-301F-11D3-BF4B-00C04F79EFBC}") = "05. Rounding Numbers", "05. Rounding Numbers\05. Rounding Numbers.csproj", "{81AA26C3-9E1D-4893-A3B6-BDAA2C0D44D6}"
EndProject
Project("{FAE04EC0-301F-11D3-BF4B-00C04F79EFBC}") = "Index of Letters09", "Index of Letters09\Index of Letters09.csproj", "{E79154BC-CEF9-4EB7-B814-CA36F6E03021}"
EndProject
Project("{FAE04EC0-301F-11D3-BF4B-00C04F79EFBC}") = "10. Pairs by Difference", "10. Pairs by Difference\10. Pairs by Difference.csproj", "{860AB7D9-5A55-4C9A-A561-E45C0987654D}"
EndProject
Project("{FAE04EC0-301F-11D3-BF4B-00C04F79EFBC}") = "07. Max Sequence of Increasing Elements", "06. Max Sequence of Equal Elements\07. Max Sequence of Increasing Elements.csproj", "{F5682BC2-0749-4214-81CC-67BF178AA875}"
EndProject
Project("{FAE04EC0-301F-11D3-BF4B-00C04F79EFBC}") = "08. Most Frequent Number", "08. Most Frequent Number\08. Most Frequent Number.csproj", "{E61AF154-A950-40DC-B0A9-B95979841DCC}"
EndProject
Project("{FAE04EC0-301F-11D3-BF4B-00C04F79EFBC}") = "Max Sequence of Equal Elements", "Max Sequence of Equal Elements\Max Sequence of Equal Elements.csproj", "{14E809BA-239D-4C80-B667-16D847E20E82}"
EndProject
Global
	GlobalSection(SolutionConfigurationPlatforms) = preSolution
		Debug|Any CPU = Debug|Any CPU
		Release|Any CPU = Release|Any CPU
	EndGlobalSection
	GlobalSection(ProjectConfigurationPlatforms) = postSolution
		{909222BC-A208-4235-8DD3-5A24F7EEDF5E}.Debug|Any CPU.ActiveCfg = Debug|Any CPU
		{909222BC-A208-4235-8DD3-5A24F7EEDF5E}.Debug|Any CPU.Build.0 = Debug|Any CPU
		{909222BC-A208-4235-8DD3-5A24F7EEDF5E}.Release|Any CPU.ActiveCfg = Release|Any CPU
		{909222BC-A208-4235-8DD3-5A24F7EEDF5E}.Release|Any CPU.Build.0 = Release|Any CPU
		{468E22F4-6495-4A30-886D-35A4D5CE43AE}.Debug|Any CPU.ActiveCfg = Debug|Any CPU
		{468E22F4-6495-4A30-886D-35A4D5CE43AE}.Debug|Any CPU.Build.0 = Debug|Any CPU
		{468E22F4-6495-4A30-886D-35A4D5CE43AE}.Release|Any CPU.ActiveCfg = Release|Any CPU
		{468E22F4-6495-4A30-886D-35A4D5CE43AE}.Release|Any CPU.Build.0 = Release|Any CPU
		{29FA062F-C617-4DF9-A9D8-70965837936A}.Debug|Any CPU.ActiveCfg = Debug|Any CPU
		{29FA062F-C617-4DF9-A9D8-70965837936A}.Debug|Any CPU.Build.0 = Debug|Any CPU
		{29FA062F-C617-4DF9-A9D8-70965837936A}.Release|Any CPU.ActiveCfg = Release|Any CPU
		{29FA062F-C617-4DF9-A9D8-70965837936A}.Release|Any CPU.Build.0 = Release|Any CPU
		{DD5097BD-B0D5-480A-8F7F-D43B24808A0A}.Debug|Any CPU.ActiveCfg = Debug|Any CPU
		{DD5097BD-B0D5-480A-8F7F-D43B24808A0A}.Debug|Any CPU.Build.0 = Debug|Any CPU
		{DD5097BD-B0D5-480A-8F7F-D43B24808A0A}.Release|Any CPU.ActiveCfg = Release|Any CPU
		{DD5097BD-B0D5-480A-8F7F-D43B24808A0A}.Release|Any CPU.Build.0 = Release|Any CPU
		{95C9CB24-1565-495C-8793-056046CA5E32}.Debug|Any CPU.ActiveCfg = Debug|Any CPU
		{95C9CB24-1565-495C-8793-056046CA5E32}.Debug|Any CPU.Build.0 = Debug|Any CPU
		{95C9CB24-1565-495C-8793-056046CA5E32}.Release|Any CPU.ActiveCfg = Release|Any CPU
		{95C9CB24-1565-495C-8793-056046CA5E32}.Release|Any CPU.Build.0 = Release|Any CPU
		{420D62C1-D1AA-42DD-8C0B-2096A5BEC3F2}.Debug|Any CPU.ActiveCfg = Debug|Any CPU
		{420D62C1-D1AA-42DD-8C0B-2096A5BEC3F2}.Debug|Any CPU.Build.0 = Debug|Any CPU
		{420D62C1-D1AA-42DD-8C0B-2096A5BEC3F2}.Release|Any CPU.ActiveCfg = Release|Any CPU
		{420D62C1-D1AA-42DD-8C0B-2096A5BEC3F2}.Release|Any CPU.Build.0 = Release|Any CPU
		{73111F4C-FAC8-416D-ACB8-842FB90988C7}.Debug|Any CPU.ActiveCfg = Debug|Any CPU
		{73111F4C-FAC8-416D-ACB8-842FB90988C7}.Debug|Any CPU.Build.0 = Debug|Any CPU
		{73111F4C-FAC8-416D-ACB8-842FB90988C7}.Release|Any CPU.ActiveCfg = Release|Any CPU
		{73111F4C-FAC8-416D-ACB8-842FB90988C7}.Release|Any CPU.Build.0 = Release|Any CPU
		{69C989AB-7460-4EE7-8FA6-AD3B36819569}.Debug|Any CPU.ActiveCfg = Debug|Any CPU
		{69C989AB-7460-4EE7-8FA6-AD3B36819569}.Debug|Any CPU.Build.0 = Debug|Any CPU
		{69C989AB-7460-4EE7-8FA6-AD3B36819569}.Release|Any CPU.ActiveCfg = Release|Any CPU
		{69C989AB-7460-4EE7-8FA6-AD3B36819569}.Release|Any CPU.Build.0 = Release|Any CPU
		{4D6ACF30-7EC0-49F1-B2E4-F91798B141CC}.Debug|Any CPU.ActiveCfg = Debug|Any CPU
		{4D6ACF30-7EC0-49F1-B2E4-F91798B141CC}.Debug|Any CPU.Build.0 = Debug|Any CPU
		{4D6ACF30-7EC0-49F1-B2E4-F91798B141CC}.Release|Any CPU.ActiveCfg = Release|Any CPU
		{4D6ACF30-7EC0-49F1-B2E4-F91798B141CC}.Release|Any CPU.Build.0 = Release|Any CPU
		{E04D9695-95B7-40CF-AACC-54DCFC8BB287}.Debug|Any CPU.ActiveCfg = Debug|Any CPU
		{E04D9695-95B7-40CF-AACC-54DCFC8BB287}.Debug|Any CPU.Build.0 = Debug|Any CPU
		{E04D9695-95B7-40CF-AACC-54DCFC8BB287}.Release|Any CPU.ActiveCfg = Release|Any CPU
		{E04D9695-95B7-40CF-AACC-54DCFC8BB287}.Release|Any CPU.Build.0 = Release|Any CPU
		{48BE2A63-A867-4332-A344-026E788FC1B4}.Debug|Any CPU.ActiveCfg = Debug|Any CPU
		{48BE2A63-A867-4332-A344-026E788FC1B4}.Debug|Any CPU.Build.0 = Debug|Any CPU
		{48BE2A63-A867-4332-A344-026E788FC1B4}.Release|Any CPU.ActiveCfg = Release|Any CPU
		{48BE2A63-A867-4332-A344-026E788FC1B4}.Release|Any CPU.Build.0 = Release|Any CPU
		{2CA9AF08-C92F-481C-BE06-8440CEE59F45}.Debug|Any CPU.ActiveCfg = Debug|Any CPU
		{2CA9AF08-C92F-481C-BE06-8440CEE59F45}.Debug|Any CPU.Build.0 = Debug|Any CPU
		{2CA9AF08-C92F-481C-BE06-8440CEE59F45}.Release|Any CPU.ActiveCfg = Release|Any CPU
		{2CA9AF08-C92F-481C-BE06-8440CEE59F45}.Release|Any CPU.Build.0 = Release|Any CPU
		{81AA26C3-9E1D-4893-A3B6-BDAA2C0D44D6}.Debug|Any CPU.ActiveCfg = Debug|Any CPU
		{81AA26C3-9E1D-4893-A3B6-BDAA2C0D44D6}.Debug|Any CPU.Build.0 = Debug|Any CPU
		{81AA26C3-9E1D-4893-A3B6-BDAA2C0D44D6}.Release|Any CPU.ActiveCfg = Release|Any CPU
		{81AA26C3-9E1D-4893-A3B6-BDAA2C0D44D6}.Release|Any CPU.Build.0 = Release|Any CPU
		{E79154BC-CEF9-4EB7-B814-CA36F6E03021}.Debug|Any CPU.ActiveCfg = Debug|Any CPU
		{E79154BC-CEF9-4EB7-B814-CA36F6E03021}.Debug|Any CPU.Build.0 = Debug|Any CPU
		{E79154BC-CEF9-4EB7-B814-CA36F6E03021}.Release|Any CPU.ActiveCfg = Release|Any CPU
		{E79154BC-CEF9-4EB7-B814-CA36F6E03021}.Release|Any CPU.Build.0 = Release|Any CPU
		{860AB7D9-5A55-4C9A-A561-E45C0987654D}.Debug|Any CPU.ActiveCfg = Debug|Any CPU
		{860AB7D9-5A55-4C9A-A561-E45C0987654D}.Debug|Any CPU.Build.0 = Debug|Any CPU
		{860AB7D9-5A55-4C9A-A561-E45C0987654D}.Release|Any CPU.ActiveCfg = Release|Any CPU
		{860AB7D9-5A55-4C9A-A561-E45C0987654D}.Release|Any CPU.Build.0 = Release|Any CPU
		{F5682BC2-0749-4214-81CC-67BF178AA875}.Debug|Any CPU.ActiveCfg = Debug|Any CPU
		{F5682BC2-0749-4214-81CC-67BF178AA875}.Debug|Any CPU.Build.0 = Debug|Any CPU
		{F5682BC2-0749-4214-81CC-67BF178AA875}.Release|Any CPU.ActiveCfg = Release|Any CPU
		{F5682BC2-0749-4214-81CC-67BF178AA875}.Release|Any CPU.Build.0 = Release|Any CPU
		{E61AF154-A950-40DC-B0A9-B95979841DCC}.Debug|Any CPU.ActiveCfg = Debug|Any CPU
		{E61AF154-A950-40DC-B0A9-B95979841DCC}.Debug|Any CPU.Build.0 = Debug|Any CPU
		{E61AF154-A950-40DC-B0A9-B95979841DCC}.Release|Any CPU.ActiveCfg = Release|Any CPU
		{E61AF154-A950-40DC-B0A9-B95979841DCC}.Release|Any CPU.Build.0 = Release|Any CPU
		{14E809BA-239D-4C80-B667-16D847E20E82}.Debug|Any CPU.ActiveCfg = Debug|Any CPU
		{14E809BA-239D-4C80-B667-16D847E20E82}.Debug|Any CPU.Build.0 = Debug|Any CPU
		{14E809BA-239D-4C80-B667-16D847E20E82}.Release|Any CPU.ActiveCfg = Release|Any CPU
		{14E809BA-239D-4C80-B667-16D847E20E82}.Release|Any CPU.Build.0 = Release|Any CPU
	EndGlobalSection
	GlobalSection(SolutionProperties) = preSolution
		HideSolutionNode = FALSE
	EndGlobalSection
EndGlobal
